# THIS IS AN AUTOGENERATED FILE. DO NOT EDIT THIS FILE DIRECTLY.
# yarn lockfile v1


turbo-darwin-64@1.9.9:
  version "1.9.9"
  resolved "https://registry.yarnpkg.com/turbo-darwin-64/-/turbo-darwin-64-1.9.9.tgz#5bda12cbe8f2cd3ace2ec9b54fa638ed45d4965d"
  integrity sha512-UDGM9E21eCDzF5t1F4rzrjwWutcup33e7ZjNJcW/mJDPorazZzqXGKEPIy9kXwKhamUUXfC7668r6ZuA1WXF2Q==

turbo-darwin-arm64@1.9.9:
  version "1.9.9"
  resolved "https://registry.yarnpkg.com/turbo-darwin-arm64/-/turbo-darwin-arm64-1.9.9.tgz#ada42865b641a7ea0a7e450047ffe4b48d37a461"
  integrity sha512-VyfkXzTJpYLTAQ9krq2myyEq7RPObilpS04lgJ4OO1piq76RNmSpX9F/t9JCaY9Pj/4TL7i0d8PM7NGhwEA5Ag==

turbo-linux-64@1.9.9:
  version "1.9.9"
  resolved "https://registry.yarnpkg.com/turbo-linux-64/-/turbo-linux-64-1.9.9.tgz#69a1f69ebfd90f0c5c68c321f57e84c6b870f106"
  integrity sha512-Fu1MY29Odg8dHOqXcpIIGC3T63XLOGgnGfbobXMKdrC7JQDvtJv8TUCYciRsyknZYjyyKK1z6zKuYIiDjf3KeQ==

turbo-linux-arm64@1.9.9:
  version "1.9.9"
  resolved "https://registry.yarnpkg.com/turbo-linux-arm64/-/turbo-linux-arm64-1.9.9.tgz#94806037067f527188eabf1ff2a210c6985f2a9d"
  integrity sha512-50LI8NafPuJxdnMCBeDdzgyt1cgjQG7FwkyY336v4e95WJPUVjrHdrKH6jYXhOUyrv9+jCJxwX1Yrg02t5yJ1g==

turbo-windows-64@1.9.9:
  version "1.9.9"
  resolved "https://registry.yarnpkg.com/turbo-windows-64/-/turbo-windows-64-1.9.9.tgz#ef7e8212541eb0fd657c709c6602466bf3702a8b"
  integrity sha512-9IsTReoLmQl1IRsy3WExe2j2RKWXQyXujfJ4fXF+jp08KxjVF4/tYP2CIRJx/A7UP/7keBta27bZqzAjsmbSTA==

turbo-windows-arm64@1.9.9:
  version "1.9.9"
  resolved "https://registry.yarnpkg.com/turbo-windows-arm64/-/turbo-windows-arm64-1.9.9.tgz#35e77125c960431ad46b54e00c1b0b37140fa1bc"
  integrity sha512-CUu4hpeQo68JjDr0V0ygTQRLbS+/sNfdqEVV+Xz9136vpKn2WMQLAuUBVZV0Sp0S/7i+zGnplskT0fED+W46wQ==

turbo@^1.9.9:
  version "1.9.9"
  resolved "https://registry.yarnpkg.com/turbo/-/turbo-1.9.9.tgz#7dd311a8c8a5951fade94e92b4cbe1f8f9eb2160"
  integrity sha512-+ZS66LOT7ahKHxh6XrIdcmf2Yk9mNpAbPEj4iF2cs0cAeaDU3xLVPZFF0HbSho89Uxwhx7b5HBgPbdcjQTwQkg==
  optionalDependencies:
    turbo-darwin-64 "1.9.9"
    turbo-darwin-arm64 "1.9.9"
    turbo-linux-64 "1.9.9"
    turbo-linux-arm64 "1.9.9"
    turbo-windows-64 "1.9.9"
    turbo-windows-arm64 "1.9.9"
